
Microsoft Visual Studio Solution File, Format Version 12.00
# Visual Studio Version 17
VisualStudioVersion = 17.0.31815.197
MinimumVisualStudioVersion = 10.0.40219.1
Project("{9A19103F-16F7-4668-BE54-9A1E7A4F7556}") = "DudesPlayer", "DudesPlayer\DudesPlayer.csproj", "{2D793929-7420-4760-BF0D-7024FDFEDB6C}"
EndProject
Project("{9A19103F-16F7-4668-BE54-9A1E7A4F7556}") = "AspWebServer", "AspWebServer\AspWebServer.csproj", "{B768F81B-334F-420D-BE9B-E6DA060F7DED}"
EndProject
Project("{9A19103F-16F7-4668-BE54-9A1E7A4F7556}") = "ClassLibrary", "ClassLibrary\ClassLibrary.csproj", "{77A33069-8E09-4A35-82A1-32B4FB394F0B}"
EndProject
Project("{9A19103F-16F7-4668-BE54-9A1E7A4F7556}") = "Installer", "Installer\Installer.csproj", "{9CD17844-5DC2-45B1-AD11-033F6B7D2E8F}"
EndProject
Project("{FAE04EC0-301F-11D3-BF4B-00C04F79EFBC}") = "DatabaseCleaner", "DatabaseCleaner\DatabaseCleaner.csproj", "{C0E92F42-F169-4CB9-9843-21652DB449E3}"
EndProject
Global
	GlobalSection(SolutionConfigurationPlatforms) = preSolution
		Debug|Any CPU = Debug|Any CPU
		Release|Any CPU = Release|Any CPU
	EndGlobalSection
	GlobalSection(ProjectConfigurationPlatforms) = postSolution
		{2D793929-7420-4760-BF0D-7024FDFEDB6C}.Debug|Any CPU.ActiveCfg = Debug|Any CPU
		{2D793929-7420-4760-BF0D-7024FDFEDB6C}.Debug|Any CPU.Build.0 = Debug|Any CPU
		{2D793929-7420-4760-BF0D-7024FDFEDB6C}.Release|Any CPU.ActiveCfg = Release|Any CPU
		{2D793929-7420-4760-BF0D-7024FDFEDB6C}.Release|Any CPU.Build.0 = Release|Any CPU
		{B768F81B-334F-420D-BE9B-E6DA060F7DED}.Debug|Any CPU.ActiveCfg = Debug|Any CPU
		{B768F81B-334F-420D-BE9B-E6DA060F7DED}.Debug|Any CPU.Build.0 = Debug|Any CPU
		{B768F81B-334F-420D-BE9B-E6DA060F7DED}.Release|Any CPU.ActiveCfg = Release|Any CPU
		{B768F81B-334F-420D-BE9B-E6DA060F7DED}.Release|Any CPU.Build.0 = Release|Any CPU
		{77A33069-8E09-4A35-82A1-32B4FB394F0B}.Debug|Any CPU.ActiveCfg = Debug|Any CPU
		{77A33069-8E09-4A35-82A1-32B4FB394F0B}.Debug|Any CPU.Build.0 = Debug|Any CPU
		{77A33069-8E09-4A35-82A1-32B4FB394F0B}.Release|Any CPU.ActiveCfg = Release|Any CPU
		{77A33069-8E09-4A35-82A1-32B4FB394F0B}.Release|Any CPU.Build.0 = Release|Any CPU
		{9CD17844-5DC2-45B1-AD11-033F6B7D2E8F}.Debug|Any CPU.ActiveCfg = Debug|Any CPU
		{9CD17844-5DC2-45B1-AD11-033F6B7D2E8F}.Debug|Any CPU.Build.0 = Debug|Any CPU
		{9CD17844-5DC2-45B1-AD11-033F6B7D2E8F}.Release|Any CPU.ActiveCfg = Release|Any CPU
		{9CD17844-5DC2-45B1-AD11-033F6B7D2E8F}.Release|Any CPU.Build.0 = Release|Any CPU
		{C0E92F42-F169-4CB9-9843-21652DB449E3}.Debug|Any CPU.ActiveCfg = Debug|Any CPU
		{C0E92F42-F169-4CB9-9843-21652DB449E3}.Debug|Any CPU.Build.0 = Debug|Any CPU
		{C0E92F42-F169-4CB9-9843-21652DB449E3}.Release|Any CPU.ActiveCfg = Release|Any CPU
		{C0E92F42-F169-4CB9-9843-21652DB449E3}.Release|Any CPU.Build.0 = Release|Any CPU
	EndGlobalSection
	GlobalSection(SolutionProperties) = preSolution
		HideSolutionNode = FALSE
	EndGlobalSection
	GlobalSection(ExtensibilityGlobals) = postSolution
		SolutionGuid = {EADFEE13-7B8D-42B7-BDAD-AF240911645F}
	EndGlobalSection
EndGlobal
